// !$*UTF8*$!
{
	archiveVersion = 1;
	classes = {
	};
	objectVersion = 56;
	objects = {

/* Begin PBXBuildFile section */
		BEDB44732AD2263600D182F3 /* ContentView.swift in Sources */ = {isa = PBXBuildFile; fileRef = BEDB44722AD2263600D182F3 /* ContentView.swift */; };
		BEDB44752AD2263700D182F3 /* Assets.xcassets in Resources */ = {isa = PBXBuildFile; fileRef = BEDB44742AD2263700D182F3 /* Assets.xcassets */; };
		BEDB44782AD2263700D182F3 /* Preview Assets.xcassets in Resources */ = {isa = PBXBuildFile; fileRef = BEDB44772AD2263700D182F3 /* Preview Assets.xcassets */; };
		BEDB44822AD2272200D182F3 /* TouchDownApp.swift in Sources */ = {isa = PBXBuildFile; fileRef = BEDB44812AD2272200D182F3 /* TouchDownApp.swift */; };
		BEDB44872AD2272D00D182F3 /* brand.json in Resources */ = {isa = PBXBuildFile; fileRef = BEDB44832AD2272C00D182F3 /* brand.json */; };
		BEDB44882AD2272D00D182F3 /* player.json in Resources */ = {isa = PBXBuildFile; fileRef = BEDB44842AD2272C00D182F3 /* player.json */; };
		BEDB44892AD2272D00D182F3 /* category.json in Resources */ = {isa = PBXBuildFile; fileRef = BEDB44852AD2272D00D182F3 /* category.json */; };
		BEDB448A2AD2272D00D182F3 /* product.json in Resources */ = {isa = PBXBuildFile; fileRef = BEDB44862AD2272D00D182F3 /* product.json */; };
		BEDB44962AD2285900D182F3 /* Constant.swift in Sources */ = {isa = PBXBuildFile; fileRef = BEDB44952AD2285900D182F3 /* Constant.swift */; };
		BEDB44982AD2290500D182F3 /* FooterView.swift in Sources */ = {isa = PBXBuildFile; fileRef = BEDB44972AD2290500D182F3 /* FooterView.swift */; };
		BEDB449A2AD22EAE00D182F3 /* NavigationBarView.swift in Sources */ = {isa = PBXBuildFile; fileRef = BEDB44992AD22EAE00D182F3 /* NavigationBarView.swift */; };
		BEDB449C2AD2332700D182F3 /* LogoView.swift in Sources */ = {isa = PBXBuildFile; fileRef = BEDB449B2AD2332700D182F3 /* LogoView.swift */; };
		BEDB44B92AD23BD100D182F3 /* PlayerModel.swift in Sources */ = {isa = PBXBuildFile; fileRef = BEDB44B82AD23BD100D182F3 /* PlayerModel.swift */; };
		BEDB44BB2AD23BF800D182F3 /* Bundle + Extension.swift in Sources */ = {isa = PBXBuildFile; fileRef = BEDB44BA2AD23BF800D182F3 /* Bundle + Extension.swift */; };
		BEDB44BD2AD23CD300D182F3 /* FeaturedItemView.swift in Sources */ = {isa = PBXBuildFile; fileRef = BEDB44BC2AD23CD300D182F3 /* FeaturedItemView.swift */; };
		BEDB44BF2AD23D2900D182F3 /* FeaturedTabView.swift in Sources */ = {isa = PBXBuildFile; fileRef = BEDB44BE2AD23D2900D182F3 /* FeaturedTabView.swift */; };
		BEDB44C12AD2FF4B00D182F3 /* CategoryModel.swift in Sources */ = {isa = PBXBuildFile; fileRef = BEDB44C02AD2FF4B00D182F3 /* CategoryModel.swift */; };
		BEDB44C32AD3001600D182F3 /* CategoryItemView.swift in Sources */ = {isa = PBXBuildFile; fileRef = BEDB44C22AD3001600D182F3 /* CategoryItemView.swift */; };
		BEDB44C52AD301C800D182F3 /* CategoryGridView.swift in Sources */ = {isa = PBXBuildFile; fileRef = BEDB44C42AD301C800D182F3 /* CategoryGridView.swift */; };
		BEDB44C72AD3032100D182F3 /* SectionView.swift in Sources */ = {isa = PBXBuildFile; fileRef = BEDB44C62AD3032100D182F3 /* SectionView.swift */; };
		BEDB44C92AD3061200D182F3 /* TitleView.swift in Sources */ = {isa = PBXBuildFile; fileRef = BEDB44C82AD3061200D182F3 /* TitleView.swift */; };
		BEDB44CB2AD306FF00D182F3 /* ProductModel.swift in Sources */ = {isa = PBXBuildFile; fileRef = BEDB44CA2AD306FF00D182F3 /* ProductModel.swift */; };
		BEDB44CF2AD3077100D182F3 /* ProductItemView.swift in Sources */ = {isa = PBXBuildFile; fileRef = BEDB44CE2AD3077100D182F3 /* ProductItemView.swift */; };
		BEDB44D32AD3102100D182F3 /* BrandModel.swift in Sources */ = {isa = PBXBuildFile; fileRef = BEDB44D22AD3102100D182F3 /* BrandModel.swift */; };
		BEDB44D52AD3105E00D182F3 /* BrandItemView.swift in Sources */ = {isa = PBXBuildFile; fileRef = BEDB44D42AD3105E00D182F3 /* BrandItemView.swift */; };
		BEDB44D72AD310F100D182F3 /* BrandGridView.swift in Sources */ = {isa = PBXBuildFile; fileRef = BEDB44D62AD310F100D182F3 /* BrandGridView.swift */; };
		BEDB44D92AD324DA00D182F3 /* ProductDetailView.swift in Sources */ = {isa = PBXBuildFile; fileRef = BEDB44D82AD324DA00D182F3 /* ProductDetailView.swift */; };
		BEDB44DB2AD3258B00D182F3 /* NavigationBarDetailView.swift in Sources */ = {isa = PBXBuildFile; fileRef = BEDB44DA2AD3258B00D182F3 /* NavigationBarDetailView.swift */; };
		BEDB44DD2AD3266200D182F3 /* HeaderDetailView.swift in Sources */ = {isa = PBXBuildFile; fileRef = BEDB44DC2AD3266200D182F3 /* HeaderDetailView.swift */; };
		BEDB44DF2AD3282100D182F3 /* TopPartDetailView.swift in Sources */ = {isa = PBXBuildFile; fileRef = BEDB44DE2AD3282100D182F3 /* TopPartDetailView.swift */; };
		BEEB317E2AD33D490083023F /* CustomShape.swift in Sources */ = {isa = PBXBuildFile; fileRef = BEEB317D2AD33D490083023F /* CustomShape.swift */; };
		BEEB31802AD33E630083023F /* RatingSizesDetailView.swift in Sources */ = {isa = PBXBuildFile; fileRef = BEEB317F2AD33E630083023F /* RatingSizesDetailView.swift */; };
		BEEB31822AD340D80083023F /* QuantitiyFavouriteView.swift in Sources */ = {isa = PBXBuildFile; fileRef = BEEB31812AD340D80083023F /* QuantitiyFavouriteView.swift */; };
		BEEB31842AD344020083023F /* AddToCardDetailView.swift in Sources */ = {isa = PBXBuildFile; fileRef = BEEB31832AD344020083023F /* AddToCardDetailView.swift */; };
		BEEB31872AD34ECA0083023F /* Shop.swift in Sources */ = {isa = PBXBuildFile; fileRef = BEEB31862AD34ECA0083023F /* Shop.swift */; };
/* End PBXBuildFile section */

/* Begin PBXFileReference section */
		BEDB446D2AD2263600D182F3 /* TouchDown.app */ = {isa = PBXFileReference; explicitFileType = wrapper.application; includeInIndex = 0; path = TouchDown.app; sourceTree = BUILT_PRODUCTS_DIR; };
		BEDB44722AD2263600D182F3 /* ContentView.swift */ = {isa = PBXFileReference; lastKnownFileType = sourcecode.swift; path = ContentView.swift; sourceTree = "<group>"; };
		BEDB44742AD2263700D182F3 /* Assets.xcassets */ = {isa = PBXFileReference; lastKnownFileType = folder.assetcatalog; path = Assets.xcassets; sourceTree = "<group>"; };
		BEDB44772AD2263700D182F3 /* Preview Assets.xcassets */ = {isa = PBXFileReference; lastKnownFileType = folder.assetcatalog; path = "Preview Assets.xcassets"; sourceTree = "<group>"; };
		BEDB44812AD2272200D182F3 /* TouchDownApp.swift */ = {isa = PBXFileReference; fileEncoding = 4; lastKnownFileType = sourcecode.swift; path = TouchDownApp.swift; sourceTree = "<group>"; };
		BEDB44832AD2272C00D182F3 /* brand.json */ = {isa = PBXFileReference; fileEncoding = 4; lastKnownFileType = text.json; path = brand.json; sourceTree = "<group>"; };
		BEDB44842AD2272C00D182F3 /* player.json */ = {isa = PBXFileReference; fileEncoding = 4; lastKnownFileType = text.json; path = player.json; sourceTree = "<group>"; };
		BEDB44852AD2272D00D182F3 /* category.json */ = {isa = PBXFileReference; fileEncoding = 4; lastKnownFileType = text.json; path = category.json; sourceTree = "<group>"; };
		BEDB44862AD2272D00D182F3 /* product.json */ = {isa = PBXFileReference; fileEncoding = 4; lastKnownFileType = text.json; path = product.json; sourceTree = "<group>"; };
		BEDB448C2AD2276000D182F3 /* Info.plist */ = {isa = PBXFileReference; lastKnownFileType = text.plist; path = Info.plist; sourceTree = "<group>"; };
		BEDB44952AD2285900D182F3 /* Constant.swift */ = {isa = PBXFileReference; lastKnownFileType = sourcecode.swift; path = Constant.swift; sourceTree = "<group>"; };
		BEDB44972AD2290500D182F3 /* FooterView.swift */ = {isa = PBXFileReference; lastKnownFileType = sourcecode.swift; path = FooterView.swift; sourceTree = "<group>"; };
		BEDB44992AD22EAE00D182F3 /* NavigationBarView.swift */ = {isa = PBXFileReference; lastKnownFileType = sourcecode.swift; path = NavigationBarView.swift; sourceTree = "<group>"; };
		BEDB449B2AD2332700D182F3 /* LogoView.swift */ = {isa = PBXFileReference; lastKnownFileType = sourcecode.swift; path = LogoView.swift; sourceTree = "<group>"; };
		BEDB44B82AD23BD100D182F3 /* PlayerModel.swift */ = {isa = PBXFileReference; lastKnownFileType = sourcecode.swift; path = PlayerModel.swift; sourceTree = "<group>"; };
		BEDB44BA2AD23BF800D182F3 /* Bundle + Extension.swift */ = {isa = PBXFileReference; lastKnownFileType = sourcecode.swift; path = "Bundle + Extension.swift"; sourceTree = "<group>"; };
		BEDB44BC2AD23CD300D182F3 /* FeaturedItemView.swift */ = {isa = PBXFileReference; lastKnownFileType = sourcecode.swift; path = FeaturedItemView.swift; sourceTree = "<group>"; };
		BEDB44BE2AD23D2900D182F3 /* FeaturedTabView.swift */ = {isa = PBXFileReference; lastKnownFileType = sourcecode.swift; path = FeaturedTabView.swift; sourceTree = "<group>"; };
		BEDB44C02AD2FF4B00D182F3 /* CategoryModel.swift */ = {isa = PBXFileReference; lastKnownFileType = sourcecode.swift; path = CategoryModel.swift; sourceTree = "<group>"; };
		BEDB44C22AD3001600D182F3 /* CategoryItemView.swift */ = {isa = PBXFileReference; lastKnownFileType = sourcecode.swift; path = CategoryItemView.swift; sourceTree = "<group>"; };
		BEDB44C42AD301C800D182F3 /* CategoryGridView.swift */ = {isa = PBXFileReference; lastKnownFileType = sourcecode.swift; path = CategoryGridView.swift; sourceTree = "<group>"; };
		BEDB44C62AD3032100D182F3 /* SectionView.swift */ = {isa = PBXFileReference; lastKnownFileType = sourcecode.swift; path = SectionView.swift; sourceTree = "<group>"; };
		BEDB44C82AD3061200D182F3 /* TitleView.swift */ = {isa = PBXFileReference; lastKnownFileType = sourcecode.swift; path = TitleView.swift; sourceTree = "<group>"; };
		BEDB44CA2AD306FF00D182F3 /* ProductModel.swift */ = {isa = PBXFileReference; lastKnownFileType = sourcecode.swift; path = ProductModel.swift; sourceTree = "<group>"; };
		BEDB44CE2AD3077100D182F3 /* ProductItemView.swift */ = {isa = PBXFileReference; lastKnownFileType = sourcecode.swift; path = ProductItemView.swift; sourceTree = "<group>"; };
		BEDB44D22AD3102100D182F3 /* BrandModel.swift */ = {isa = PBXFileReference; lastKnownFileType = sourcecode.swift; path = BrandModel.swift; sourceTree = "<group>"; };
		BEDB44D42AD3105E00D182F3 /* BrandItemView.swift */ = {isa = PBXFileReference; lastKnownFileType = sourcecode.swift; path = BrandItemView.swift; sourceTree = "<group>"; };
		BEDB44D62AD310F100D182F3 /* BrandGridView.swift */ = {isa = PBXFileReference; lastKnownFileType = sourcecode.swift; path = BrandGridView.swift; sourceTree = "<group>"; };
		BEDB44D82AD324DA00D182F3 /* ProductDetailView.swift */ = {isa = PBXFileReference; lastKnownFileType = sourcecode.swift; path = ProductDetailView.swift; sourceTree = "<group>"; };
		BEDB44DA2AD3258B00D182F3 /* NavigationBarDetailView.swift */ = {isa = PBXFileReference; lastKnownFileType = sourcecode.swift; path = NavigationBarDetailView.swift; sourceTree = "<group>"; };
		BEDB44DC2AD3266200D182F3 /* HeaderDetailView.swift */ = {isa = PBXFileReference; lastKnownFileType = sourcecode.swift; path = HeaderDetailView.swift; sourceTree = "<group>"; };
		BEDB44DE2AD3282100D182F3 /* TopPartDetailView.swift */ = {isa = PBXFileReference; lastKnownFileType = sourcecode.swift; path = TopPartDetailView.swift; sourceTree = "<group>"; };
		BEEB317D2AD33D490083023F /* CustomShape.swift */ = {isa = PBXFileReference; lastKnownFileType = sourcecode.swift; path = CustomShape.swift; sourceTree = "<group>"; };
		BEEB317F2AD33E630083023F /* RatingSizesDetailView.swift */ = {isa = PBXFileReference; lastKnownFileType = sourcecode.swift; path = RatingSizesDetailView.swift; sourceTree = "<group>"; };
		BEEB31812AD340D80083023F /* QuantitiyFavouriteView.swift */ = {isa = PBXFileReference; lastKnownFileType = sourcecode.swift; path = QuantitiyFavouriteView.swift; sourceTree = "<group>"; };
		BEEB31832AD344020083023F /* AddToCardDetailView.swift */ = {isa = PBXFileReference; lastKnownFileType = sourcecode.swift; path = AddToCardDetailView.swift; sourceTree = "<group>"; };
		BEEB31862AD34ECA0083023F /* Shop.swift */ = {isa = PBXFileReference; lastKnownFileType = sourcecode.swift; path = Shop.swift; sourceTree = "<group>"; };
/* End PBXFileReference section */

/* Begin PBXFrameworksBuildPhase section */
		BEDB446A2AD2263600D182F3 /* Frameworks */ = {
			isa = PBXFrameworksBuildPhase;
			buildActionMask = 2147483647;
			files = (
			);
			runOnlyForDeploymentPostprocessing = 0;
		};
/* End PBXFrameworksBuildPhase section */

/* Begin PBXGroup section */
		BEDB44642AD2263600D182F3 = {
			isa = PBXGroup;
			children = (
				BEDB446F2AD2263600D182F3 /* TouchDown */,
				BEDB446E2AD2263600D182F3 /* Products */,
			);
			sourceTree = "<group>";
		};
		BEDB446E2AD2263600D182F3 /* Products */ = {
			isa = PBXGroup;
			children = (
				BEDB446D2AD2263600D182F3 /* TouchDown.app */,
			);
			name = Products;
			sourceTree = "<group>";
		};
		BEDB446F2AD2263600D182F3 /* TouchDown */ = {
			isa = PBXGroup;
			children = (
				BEDB44802AD2270D00D182F3 /* App */,
				BEDB44932AD2280D00D182F3 /* Utility */,
				BEDB448E2AD227DD00D182F3 /* View */,
				BEDB448D2AD227C900D182F3 /* Resources */,
				BEDB448C2AD2276000D182F3 /* Info.plist */,
				BEDB44762AD2263700D182F3 /* Preview Content */,
			);
			path = TouchDown;
			sourceTree = "<group>";
		};
		BEDB44762AD2263700D182F3 /* Preview Content */ = {
			isa = PBXGroup;
			children = (
				BEDB44772AD2263700D182F3 /* Preview Assets.xcassets */,
			);
			path = "Preview Content";
			sourceTree = "<group>";
		};
		BEDB44802AD2270D00D182F3 /* App */ = {
			isa = PBXGroup;
			children = (
				BEDB44812AD2272200D182F3 /* TouchDownApp.swift */,
				BEDB44722AD2263600D182F3 /* ContentView.swift */,
				BEDB44D82AD324DA00D182F3 /* ProductDetailView.swift */,
				BEDB448B2AD2273A00D182F3 /* Data */,
			);
			path = App;
			sourceTree = "<group>";
		};
		BEDB448B2AD2273A00D182F3 /* Data */ = {
			isa = PBXGroup;
			children = (
				BEDB44832AD2272C00D182F3 /* brand.json */,
				BEDB44852AD2272D00D182F3 /* category.json */,
				BEDB44842AD2272C00D182F3 /* player.json */,
				BEDB44862AD2272D00D182F3 /* product.json */,
			);
			path = Data;
			sourceTree = "<group>";
		};
		BEDB448D2AD227C900D182F3 /* Resources */ = {
			isa = PBXGroup;
			children = (
				BEDB44742AD2263700D182F3 /* Assets.xcassets */,
			);
			path = Resources;
			sourceTree = "<group>";
		};
		BEDB448E2AD227DD00D182F3 /* View */ = {
			isa = PBXGroup;
			children = (
				BEDB448F2AD227F700D182F3 /* Home */,
				BEDB44902AD227FA00D182F3 /* Detail */,
			);
			path = View;
			sourceTree = "<group>";
		};
		BEDB448F2AD227F700D182F3 /* Home */ = {
			isa = PBXGroup;
			children = (
				BEDB44972AD2290500D182F3 /* FooterView.swift */,
				BEDB44992AD22EAE00D182F3 /* NavigationBarView.swift */,
				BEDB449B2AD2332700D182F3 /* LogoView.swift */,
				BEDB44BC2AD23CD300D182F3 /* FeaturedItemView.swift */,
				BEDB44BE2AD23D2900D182F3 /* FeaturedTabView.swift */,
				BEDB44C22AD3001600D182F3 /* CategoryItemView.swift */,
				BEDB44C42AD301C800D182F3 /* CategoryGridView.swift */,
				BEDB44C62AD3032100D182F3 /* SectionView.swift */,
				BEDB44C82AD3061200D182F3 /* TitleView.swift */,
				BEDB44CE2AD3077100D182F3 /* ProductItemView.swift */,
				BEDB44D42AD3105E00D182F3 /* BrandItemView.swift */,
				BEDB44D62AD310F100D182F3 /* BrandGridView.swift */,
			);
			path = Home;
			sourceTree = "<group>";
		};
		BEDB44902AD227FA00D182F3 /* Detail */ = {
			isa = PBXGroup;
			children = (
				BEEB31832AD344020083023F /* AddToCardDetailView.swift */,
				BEDB44DA2AD3258B00D182F3 /* NavigationBarDetailView.swift */,
				BEDB44DC2AD3266200D182F3 /* HeaderDetailView.swift */,
				BEDB44DE2AD3282100D182F3 /* TopPartDetailView.swift */,
				BEEB317F2AD33E630083023F /* RatingSizesDetailView.swift */,
				BEEB31812AD340D80083023F /* QuantitiyFavouriteView.swift */,
			);
			path = Detail;
			sourceTree = "<group>";
		};
		BEDB44922AD2280900D182F3 /* Extension */ = {
			isa = PBXGroup;
			children = (
				BEDB44BA2AD23BF800D182F3 /* Bundle + Extension.swift */,
			);
			path = Extension;
			sourceTree = "<group>";
		};
		BEDB44932AD2280D00D182F3 /* Utility */ = {
			isa = PBXGroup;
			children = (
				BEEB31852AD3467F0083023F /* Shape */,
				BEDB44B72AD23BC200D182F3 /* Model */,
				BEDB44942AD2284A00D182F3 /* Constants */,
				BEDB44922AD2280900D182F3 /* Extension */,
				BEEB31862AD34ECA0083023F /* Shop.swift */,
			);
			path = Utility;
			sourceTree = "<group>";
		};
		BEDB44942AD2284A00D182F3 /* Constants */ = {
			isa = PBXGroup;
			children = (
				BEDB44952AD2285900D182F3 /* Constant.swift */,
			);
			path = Constants;
			sourceTree = "<group>";
		};
		BEDB44B72AD23BC200D182F3 /* Model */ = {
			isa = PBXGroup;
			children = (
				BEDB44B82AD23BD100D182F3 /* PlayerModel.swift */,
				BEDB44C02AD2FF4B00D182F3 /* CategoryModel.swift */,
				BEDB44CA2AD306FF00D182F3 /* ProductModel.swift */,
				BEDB44D22AD3102100D182F3 /* BrandModel.swift */,
			);
			path = Model;
			sourceTree = "<group>";
		};
		BEEB31852AD3467F0083023F /* Shape */ = {
			isa = PBXGroup;
			children = (
				BEEB317D2AD33D490083023F /* CustomShape.swift */,
			);
			path = Shape;
			sourceTree = "<group>";
		};
/* End PBXGroup section */

/* Begin PBXNativeTarget section */
		BEDB446C2AD2263600D182F3 /* TouchDown */ = {
			isa = PBXNativeTarget;
			buildConfigurationList = BEDB447B2AD2263700D182F3 /* Build configuration list for PBXNativeTarget "TouchDown" */;
			buildPhases = (
				BEDB44692AD2263600D182F3 /* Sources */,
				BEDB446A2AD2263600D182F3 /* Frameworks */,
				BEDB446B2AD2263600D182F3 /* Resources */,
			);
			buildRules = (
			);
			dependencies = (
			);
			name = TouchDown;
			productName = TouchDown;
			productReference = BEDB446D2AD2263600D182F3 /* TouchDown.app */;
			productType = "com.apple.product-type.application";
		};
/* End PBXNativeTarget section */

/* Begin PBXProject section */
		BEDB44652AD2263600D182F3 /* Project object */ = {
			isa = PBXProject;
			attributes = {
				BuildIndependentTargetsInParallel = 1;
				LastSwiftUpdateCheck = 1500;
				LastUpgradeCheck = 1500;
				TargetAttributes = {
					BEDB446C2AD2263600D182F3 = {
						CreatedOnToolsVersion = 15.0;
					};
				};
			};
			buildConfigurationList = BEDB44682AD2263600D182F3 /* Build configuration list for PBXProject "TouchDown" */;
			compatibilityVersion = "Xcode 14.0";
			developmentRegion = en;
			hasScannedForEncodings = 0;
			knownRegions = (
				en,
				Base,
			);
			mainGroup = BEDB44642AD2263600D182F3;
			productRefGroup = BEDB446E2AD2263600D182F3 /* Products */;
			projectDirPath = "";
			projectRoot = "";
			targets = (
				BEDB446C2AD2263600D182F3 /* TouchDown */,
			);
		};
/* End PBXProject section */

/* Begin PBXResourcesBuildPhase section */
		BEDB446B2AD2263600D182F3 /* Resources */ = {
			isa = PBXResourcesBuildPhase;
			buildActionMask = 2147483647;
			files = (
				BEDB44882AD2272D00D182F3 /* player.json in Resources */,
				BEDB44782AD2263700D182F3 /* Preview Assets.xcassets in Resources */,
				BEDB44872AD2272D00D182F3 /* brand.json in Resources */,
				BEDB44892AD2272D00D182F3 /* category.json in Resources */,
				BEDB44752AD2263700D182F3 /* Assets.xcassets in Resources */,
				BEDB448A2AD2272D00D182F3 /* product.json in Resources */,
			);
			runOnlyForDeploymentPostprocessing = 0;
		};
/* End PBXResourcesBuildPhase section */

/* Begin PBXSourcesBuildPhase section */
		BEDB44692AD2263600D182F3 /* Sources */ = {
			isa = PBXSourcesBuildPhase;
			buildActionMask = 2147483647;
			files = (
				BEDB44732AD2263600D182F3 /* ContentView.swift in Sources */,
				BEDB44DD2AD3266200D182F3 /* HeaderDetailView.swift in Sources */,
				BEDB44DF2AD3282100D182F3 /* TopPartDetailView.swift in Sources */,
				BEDB449C2AD2332700D182F3 /* LogoView.swift in Sources */,
				BEDB44982AD2290500D182F3 /* FooterView.swift in Sources */,
				BEEB31822AD340D80083023F /* QuantitiyFavouriteView.swift in Sources */,
				BEDB44822AD2272200D182F3 /* TouchDownApp.swift in Sources */,
				BEDB44BD2AD23CD300D182F3 /* FeaturedItemView.swift in Sources */,
				BEEB31842AD344020083023F /* AddToCardDetailView.swift in Sources */,
				BEDB44CF2AD3077100D182F3 /* ProductItemView.swift in Sources */,
				BEDB44D72AD310F100D182F3 /* BrandGridView.swift in Sources */,
				BEDB44962AD2285900D182F3 /* Constant.swift in Sources */,
				BEDB44D92AD324DA00D182F3 /* ProductDetailView.swift in Sources */,
				BEDB44DB2AD3258B00D182F3 /* NavigationBarDetailView.swift in Sources */,
				BEDB44BB2AD23BF800D182F3 /* Bundle + Extension.swift in Sources */,
				BEDB44C52AD301C800D182F3 /* CategoryGridView.swift in Sources */,
				BEDB44C12AD2FF4B00D182F3 /* CategoryModel.swift in Sources */,
				BEDB449A2AD22EAE00D182F3 /* NavigationBarView.swift in Sources */,
				BEDB44C72AD3032100D182F3 /* SectionView.swift in Sources */,
				BEDB44D52AD3105E00D182F3 /* BrandItemView.swift in Sources */,
				BEDB44C32AD3001600D182F3 /* CategoryItemView.swift in Sources */,
				BEEB31802AD33E630083023F /* RatingSizesDetailView.swift in Sources */,
				BEDB44BF2AD23D2900D182F3 /* FeaturedTabView.swift in Sources */,
				BEEB317E2AD33D490083023F /* CustomShape.swift in Sources */,
				BEEB31872AD34ECA0083023F /* Shop.swift in Sources */,
				BEDB44B92AD23BD100D182F3 /* PlayerModel.swift in Sources */,
				BEDB44D32AD3102100D182F3 /* BrandModel.swift in Sources */,
				BEDB44C92AD3061200D182F3 /* TitleView.swift in Sources */,
				BEDB44CB2AD306FF00D182F3 /* ProductModel.swift in Sources */,
			);
			runOnlyForDeploymentPostprocessing = 0;
		};
/* End PBXSourcesBuildPhase section */

/* Begin XCBuildConfiguration section */
		BEDB44792AD2263700D182F3 /* Debug */ = {
			isa = XCBuildConfiguration;
			buildSettings = {
				ALWAYS_SEARCH_USER_PATHS = NO;
				ASSETCATALOG_COMPILER_GENERATE_SWIFT_ASSET_SYMBOL_EXTENSIONS = YES;
				CLANG_ANALYZER_NONNULL = YES;
				CLANG_ANALYZER_NUMBER_OBJECT_CONVERSION = YES_AGGRESSIVE;
				CLANG_CXX_LANGUAGE_STANDARD = "gnu++20";
				CLANG_ENABLE_MODULES = YES;
				CLANG_ENABLE_OBJC_ARC = YES;
				CLANG_ENABLE_OBJC_WEAK = YES;
				CLANG_WARN_BLOCK_CAPTURE_AUTORELEASING = YES;
				CLANG_WARN_BOOL_CONVERSION = YES;
				CLANG_WARN_COMMA = YES;
				CLANG_WARN_CONSTANT_CONVERSION = YES;
				CLANG_WARN_DEPRECATED_OBJC_IMPLEMENTATIONS = YES;
				CLANG_WARN_DIRECT_OBJC_ISA_USAGE = YES_ERROR;
				CLANG_WARN_DOCUMENTATION_COMMENTS = YES;
				CLANG_WARN_EMPTY_BODY = YES;
				CLANG_WARN_ENUM_CONVERSION = YES;
				CLANG_WARN_INFINITE_RECURSION = YES;
				CLANG_WARN_INT_CONVERSION = YES;
				CLANG_WARN_NON_LITERAL_NULL_CONVERSION = YES;
				CLANG_WARN_OBJC_IMPLICIT_RETAIN_SELF = YES;
				CLANG_WARN_OBJC_LITERAL_CONVERSION = YES;
				CLANG_WARN_OBJC_ROOT_CLASS = YES_ERROR;
				CLANG_WARN_QUOTED_INCLUDE_IN_FRAMEWORK_HEADER = YES;
				CLANG_WARN_RANGE_LOOP_ANALYSIS = YES;
				CLANG_WARN_STRICT_PROTOTYPES = YES;
				CLANG_WARN_SUSPICIOUS_MOVE = YES;
				CLANG_WARN_UNGUARDED_AVAILABILITY = YES_AGGRESSIVE;
				CLANG_WARN_UNREACHABLE_CODE = YES;
				CLANG_WARN__DUPLICATE_METHOD_MATCH = YES;
				COPY_PHASE_STRIP = NO;
				DEBUG_INFORMATION_FORMAT = dwarf;
				ENABLE_STRICT_OBJC_MSGSEND = YES;
				ENABLE_TESTABILITY = YES;
				ENABLE_USER_SCRIPT_SANDBOXING = YES;
				GCC_C_LANGUAGE_STANDARD = gnu17;
				GCC_DYNAMIC_NO_PIC = NO;
				GCC_NO_COMMON_BLOCKS = YES;
				GCC_OPTIMIZATION_LEVEL = 0;
				GCC_PREPROCESSOR_DEFINITIONS = (
					"DEBUG=1",
					"$(inherited)",
				);
				GCC_WARN_64_TO_32_BIT_CONVERSION = YES;
				GCC_WARN_ABOUT_RETURN_TYPE = YES_ERROR;
				GCC_WARN_UNDECLARED_SELECTOR = YES;
				GCC_WARN_UNINITIALIZED_AUTOS = YES_AGGRESSIVE;
				GCC_WARN_UNUSED_FUNCTION = YES;
				GCC_WARN_UNUSED_VARIABLE = YES;
				IPHONEOS_DEPLOYMENT_TARGET = 17.0;
				LOCALIZATION_PREFERS_STRING_CATALOGS = YES;
				MTL_ENABLE_DEBUG_INFO = INCLUDE_SOURCE;
				MTL_FAST_MATH = YES;
				ONLY_ACTIVE_ARCH = YES;
				SDKROOT = iphoneos;
				SWIFT_ACTIVE_COMPILATION_CONDITIONS = "DEBUG $(inherited)";
				SWIFT_OPTIMIZATION_LEVEL = "-Onone";
			};
			name = Debug;
		};
		BEDB447A2AD2263700D182F3 /* Release */ = {
			isa = XCBuildConfiguration;
			buildSettings = {
				ALWAYS_SEARCH_USER_PATHS = NO;
				ASSETCATALOG_COMPILER_GENERATE_SWIFT_ASSET_SYMBOL_EXTENSIONS = YES;
				CLANG_ANALYZER_NONNULL = YES;
				CLANG_ANALYZER_NUMBER_OBJECT_CONVERSION = YES_AGGRESSIVE;
				CLANG_CXX_LANGUAGE_STANDARD = "gnu++20";
				CLANG_ENABLE_MODULES = YES;
				CLANG_ENABLE_OBJC_ARC = YES;
				CLANG_ENABLE_OBJC_WEAK = YES;
				CLANG_WARN_BLOCK_CAPTURE_AUTORELEASING = YES;
				CLANG_WARN_BOOL_CONVERSION = YES;
				CLANG_WARN_COMMA = YES;
				CLANG_WARN_CONSTANT_CONVERSION = YES;
				CLANG_WARN_DEPRECATED_OBJC_IMPLEMENTATIONS = YES;
				CLANG_WARN_DIRECT_OBJC_ISA_USAGE = YES_ERROR;
				CLANG_WARN_DOCUMENTATION_COMMENTS = YES;
				CLANG_WARN_EMPTY_BODY = YES;
				CLANG_WARN_ENUM_CONVERSION = YES;
				CLANG_WARN_INFINITE_RECURSION = YES;
				CLANG_WARN_INT_CONVERSION = YES;
				CLANG_WARN_NON_LITERAL_NULL_CONVERSION = YES;
				CLANG_WARN_OBJC_IMPLICIT_RETAIN_SELF = YES;
				CLANG_WARN_OBJC_LITERAL_CONVERSION = YES;
				CLANG_WARN_OBJC_ROOT_CLASS = YES_ERROR;
				CLANG_WARN_QUOTED_INCLUDE_IN_FRAMEWORK_HEADER = YES;
				CLANG_WARN_RANGE_LOOP_ANALYSIS = YES;
				CLANG_WARN_STRICT_PROTOTYPES = YES;
				CLANG_WARN_SUSPICIOUS_MOVE = YES;
				CLANG_WARN_UNGUARDED_AVAILABILITY = YES_AGGRESSIVE;
				CLANG_WARN_UNREACHABLE_CODE = YES;
				CLANG_WARN__DUPLICATE_METHOD_MATCH = YES;
				COPY_PHASE_STRIP = NO;
				DEBUG_INFORMATION_FORMAT = "dwarf-with-dsym";
				ENABLE_NS_ASSERTIONS = NO;
				ENABLE_STRICT_OBJC_MSGSEND = YES;
				ENABLE_USER_SCRIPT_SANDBOXING = YES;
				GCC_C_LANGUAGE_STANDARD = gnu17;
				GCC_NO_COMMON_BLOCKS = YES;
				GCC_WARN_64_TO_32_BIT_CONVERSION = YES;
				GCC_WARN_ABOUT_RETURN_TYPE = YES_ERROR;
				GCC_WARN_UNDECLARED_SELECTOR = YES;
				GCC_WARN_UNINITIALIZED_AUTOS = YES_AGGRESSIVE;
				GCC_WARN_UNUSED_FUNCTION = YES;
				GCC_WARN_UNUSED_VARIABLE = YES;
				IPHONEOS_DEPLOYMENT_TARGET = 17.0;
				LOCALIZATION_PREFERS_STRING_CATALOGS = YES;
				MTL_ENABLE_DEBUG_INFO = NO;
				MTL_FAST_MATH = YES;
				SDKROOT = iphoneos;
				SWIFT_COMPILATION_MODE = wholemodule;
				VALIDATE_PRODUCT = YES;
			};
			name = Release;
		};
		BEDB447C2AD2263700D182F3 /* Debug */ = {
			isa = XCBuildConfiguration;
			buildSettings = {
				ASSETCATALOG_COMPILER_APPICON_NAME = AppIcon;
				ASSETCATALOG_COMPILER_GLOBAL_ACCENT_COLOR_NAME = AccentColor;
				CODE_SIGN_STYLE = Automatic;
				CURRENT_PROJECT_VERSION = 1;
				DEVELOPMENT_ASSET_PATHS = "\"TouchDown/Preview Content\"";
				DEVELOPMENT_TEAM = 46PR5V47LD;
				ENABLE_PREVIEWS = YES;
				GENERATE_INFOPLIST_FILE = YES;
				INFOPLIST_FILE = TouchDown/Info.plist;
				INFOPLIST_KEY_UIApplicationSceneManifest_Generation = YES;
				INFOPLIST_KEY_UIApplicationSupportsIndirectInputEvents = YES;
				INFOPLIST_KEY_UISupportedInterfaceOrientations_iPad = "UIInterfaceOrientationPortrait UIInterfaceOrientationPortraitUpsideDown UIInterfaceOrientationLandscapeLeft UIInterfaceOrientationLandscapeRight";
				INFOPLIST_KEY_UISupportedInterfaceOrientations_iPhone = "UIInterfaceOrientationPortrait UIInterfaceOrientationLandscapeLeft UIInterfaceOrientationLandscapeRight";
				INFOPLIST_KEY_UIUserInterfaceStyle = Light;
				LD_RUNPATH_SEARCH_PATHS = (
					"$(inherited)",
					"@executable_path/Frameworks",
				);
				MARKETING_VERSION = 1.0;
				PRODUCT_BUNDLE_IDENTIFIER = com.yunusberdibekk.TouchDown;
				PRODUCT_NAME = "$(TARGET_NAME)";
				SWIFT_EMIT_LOC_STRINGS = YES;
				SWIFT_VERSION = 5.0;
				TARGETED_DEVICE_FAMILY = "1,2";
			};
			name = Debug;
		};
		BEDB447D2AD2263700D182F3 /* Release */ = {
			isa = XCBuildConfiguration;
			buildSettings = {
				ASSETCATALOG_COMPILER_APPICON_NAME = AppIcon;
				ASSETCATALOG_COMPILER_GLOBAL_ACCENT_COLOR_NAME = AccentColor;
				CODE_SIGN_STYLE = Automatic;
				CURRENT_PROJECT_VERSION = 1;
				DEVELOPMENT_ASSET_PATHS = "\"TouchDown/Preview Content\"";
				DEVELOPMENT_TEAM = 46PR5V47LD;
				ENABLE_PREVIEWS = YES;
				GENERATE_INFOPLIST_FILE = YES;
				INFOPLIST_FILE = TouchDown/Info.plist;
				INFOPLIST_KEY_UIApplicationSceneManifest_Generation = YES;
				INFOPLIST_KEY_UIApplicationSupportsIndirectInputEvents = YES;
				INFOPLIST_KEY_UISupportedInterfaceOrientations_iPad = "UIInterfaceOrientationPortrait UIInterfaceOrientationPortraitUpsideDown UIInterfaceOrientationLandscapeLeft UIInterfaceOrientationLandscapeRight";
				INFOPLIST_KEY_UISupportedInterfaceOrientations_iPhone = "UIInterfaceOrientationPortrait UIInterfaceOrientationLandscapeLeft UIInterfaceOrientationLandscapeRight";
				INFOPLIST_KEY_UIUserInterfaceStyle = Light;
				LD_RUNPATH_SEARCH_PATHS = (
					"$(inherited)",
					"@executable_path/Frameworks",
				);
				MARKETING_VERSION = 1.0;
				PRODUCT_BUNDLE_IDENTIFIER = com.yunusberdibekk.TouchDown;
				PRODUCT_NAME = "$(TARGET_NAME)";
				SWIFT_EMIT_LOC_STRINGS = YES;
				SWIFT_VERSION = 5.0;
				TARGETED_DEVICE_FAMILY = "1,2";
			};
			name = Release;
		};
/* End XCBuildConfiguration section */

/* Begin XCConfigurationList section */
		BEDB44682AD2263600D182F3 /* Build configuration list for PBXProject "TouchDown" */ = {
			isa = XCConfigurationList;
			buildConfigurations = (
				BEDB44792AD2263700D182F3 /* Debug */,
				BEDB447A2AD2263700D182F3 /* Release */,
			);
			defaultConfigurationIsVisible = 0;
			defaultConfigurationName = Release;
		};
		BEDB447B2AD2263700D182F3 /* Build configuration list for PBXNativeTarget "TouchDown" */ = {
			isa = XCConfigurationList;
			buildConfigurations = (
				BEDB447C2AD2263700D182F3 /* Debug */,
				BEDB447D2AD2263700D182F3 /* Release */,
			);
			defaultConfigurationIsVisible = 0;
			defaultConfigurationName = Release;
		};
/* End XCConfigurationList section */
	};
	rootObject = BEDB44652AD2263600D182F3 /* Project object */;
}
